
Microsoft Visual Studio Solution File, Format Version 12.00
# Visual Studio 2017
Project("{FAE04EC0-301F-11D3-BF4B-00C04F79EFBC}") = "Unity-testproject", "Unity-testproject.csproj", "{547E2C77-AA0C-7B95-B191-B8EC1C285F9F}"
EndProject
Project("{FAE04EC0-301F-11D3-BF4B-00C04F79EFBC}") = "Unity-testproject.Editor", "Unity-testproject.Editor.csproj", "{7997FFF3-4D1D-FA92-1745-AEE3532D03A5}"
EndProject
Global
	GlobalSection(SolutionConfigurationPlatforms) = preSolution
		Debug|Any CPU = Debug|Any CPU
		Release|Any CPU = Release|Any CPU
	EndGlobalSection
	GlobalSection(ProjectConfigurationPlatforms) = postSolution
		{547E2C77-AA0C-7B95-B191-B8EC1C285F9F}.Debug|Any CPU.ActiveCfg = Debug|Any CPU
		{547E2C77-AA0C-7B95-B191-B8EC1C285F9F}.Debug|Any CPU.Build.0 = Debug|Any CPU
		{547E2C77-AA0C-7B95-B191-B8EC1C285F9F}.Release|Any CPU.ActiveCfg = Release|Any CPU
		{547E2C77-AA0C-7B95-B191-B8EC1C285F9F}.Release|Any CPU.Build.0 = Release|Any CPU
		{7997FFF3-4D1D-FA92-1745-AEE3532D03A5}.Debug|Any CPU.ActiveCfg = Debug|Any CPU
		{7997FFF3-4D1D-FA92-1745-AEE3532D03A5}.Debug|Any CPU.Build.0 = Debug|Any CPU
		{7997FFF3-4D1D-FA92-1745-AEE3532D03A5}.Release|Any CPU.ActiveCfg = Release|Any CPU
		{7997FFF3-4D1D-FA92-1745-AEE3532D03A5}.Release|Any CPU.Build.0 = Release|Any CPU
	EndGlobalSection
	GlobalSection(SolutionProperties) = preSolution
		HideSolutionNode = FALSE
	EndGlobalSection
EndGlobal
